
Microsoft Visual Studio Solution File, Format Version 12.00
# Visual Studio 2012
Project("{F184B08F-C81C-45F6-A57F-5ABD9991F28F}") = "Lab6_PS03446", "Lab6_PS03446.vbproj", "{01836A56-1DE4-4009-989F-2E663D601784}"
EndProject
Global
	GlobalSection(SolutionConfigurationPlatforms) = preSolution
		Debug|Any CPU = Debug|Any CPU
		Release|Any CPU = Release|Any CPU
	EndGlobalSection
	GlobalSection(ProjectConfigurationPlatforms) = postSolution
		{01836A56-1DE4-4009-989F-2E663D601784}.Debug|Any CPU.ActiveCfg = Debug|Any CPU
		{01836A56-1DE4-4009-989F-2E663D601784}.Debug|Any CPU.Build.0 = Debug|Any CPU
		{01836A56-1DE4-4009-989F-2E663D601784}.Release|Any CPU.ActiveCfg = Release|Any CPU
		{01836A56-1DE4-4009-989F-2E663D601784}.Release|Any CPU.Build.0 = Release|Any CPU
	EndGlobalSection
	GlobalSection(SolutionProperties) = preSolution
		HideSolutionNode = FALSE
	EndGlobalSection
EndGlobal
